// !$*UTF8*$!
{
	archiveVersion = 1;
	classes = {
	};
	objectVersion = 56;
	objects = {

/* Begin PBXBuildFile section */
		D5CC537A2BBF05FB007DBD0F /* ScrumdingerApp.swift in Sources */ = {isa = PBXBuildFile; fileRef = D5CC53792BBF05FB007DBD0F /* ScrumdingerApp.swift */; };
		D5CC537C2BBF05FB007DBD0F /* MeetingView.swift in Sources */ = {isa = PBXBuildFile; fileRef = D5CC537B2BBF05FB007DBD0F /* MeetingView.swift */; };
		D5CC537E2BBF05FC007DBD0F /* Assets.xcassets in Resources */ = {isa = PBXBuildFile; fileRef = D5CC537D2BBF05FC007DBD0F /* Assets.xcassets */; };
		D5CC53812BBF05FC007DBD0F /* Preview Assets.xcassets in Resources */ = {isa = PBXBuildFile; fileRef = D5CC53802BBF05FC007DBD0F /* Preview Assets.xcassets */; };
		D5CC538B2BBF05FD007DBD0F /* ScrumdingerTests.swift in Sources */ = {isa = PBXBuildFile; fileRef = D5CC538A2BBF05FD007DBD0F /* ScrumdingerTests.swift */; };
		D5CC53952BBF05FD007DBD0F /* ScrumdingerUITests.swift in Sources */ = {isa = PBXBuildFile; fileRef = D5CC53942BBF05FD007DBD0F /* ScrumdingerUITests.swift */; };
		D5CC53972BBF05FD007DBD0F /* ScrumdingerUITestsLaunchTests.swift in Sources */ = {isa = PBXBuildFile; fileRef = D5CC53962BBF05FD007DBD0F /* ScrumdingerUITestsLaunchTests.swift */; };
		D5CC53A52BBF3F66007DBD0F /* Theme.swift in Sources */ = {isa = PBXBuildFile; fileRef = D5CC53A42BBF3F66007DBD0F /* Theme.swift */; };
		D5CC53A72BBF4206007DBD0F /* DailyScrum.swift in Sources */ = {isa = PBXBuildFile; fileRef = D5CC53A62BBF4206007DBD0F /* DailyScrum.swift */; };
		D5CC53AA2BBF4467007DBD0F /* CardView.swift in Sources */ = {isa = PBXBuildFile; fileRef = D5CC53A92BBF4467007DBD0F /* CardView.swift */; };
		D5CC53AE2BBF6010007DBD0F /* TrailingIconLabelStyle.swift in Sources */ = {isa = PBXBuildFile; fileRef = D5CC53AD2BBF6010007DBD0F /* TrailingIconLabelStyle.swift */; };
		D5CC53B22BC32149007DBD0F /* ScrumsView.swift in Sources */ = {isa = PBXBuildFile; fileRef = D5CC53B12BC32149007DBD0F /* ScrumsView.swift */; };
		D5CC53B42BC33554007DBD0F /* DetailView.swift in Sources */ = {isa = PBXBuildFile; fileRef = D5CC53B32BC33554007DBD0F /* DetailView.swift */; };
		D5CC53B62BC43CFD007DBD0F /* DetailEditView.swift in Sources */ = {isa = PBXBuildFile; fileRef = D5CC53B52BC43CFD007DBD0F /* DetailEditView.swift */; };
		D5CC53B82BC5C44D007DBD0F /* ThemeView.swift in Sources */ = {isa = PBXBuildFile; fileRef = D5CC53B72BC5C44D007DBD0F /* ThemeView.swift */; };
		D5CC53BA2BC5C8BA007DBD0F /* ThemePicker.swift in Sources */ = {isa = PBXBuildFile; fileRef = D5CC53B92BC5C8BA007DBD0F /* ThemePicker.swift */; };
		D5CC53BC2BC71C46007DBD0F /* MeetingHeaderView.swift in Sources */ = {isa = PBXBuildFile; fileRef = D5CC53BB2BC71C46007DBD0F /* MeetingHeaderView.swift */; };
		D5CC53BE2BC72345007DBD0F /* ScrumProgressViewStyle.swift in Sources */ = {isa = PBXBuildFile; fileRef = D5CC53BD2BC72345007DBD0F /* ScrumProgressViewStyle.swift */; };
		D5CC53C02BC7CE0C007DBD0F /* ScrumTimer.swift in Sources */ = {isa = PBXBuildFile; fileRef = D5CC53BF2BC7CE0C007DBD0F /* ScrumTimer.swift */; };
		D5CC53C22BC7D396007DBD0F /* MeetingFooterView.swift in Sources */ = {isa = PBXBuildFile; fileRef = D5CC53C12BC7D396007DBD0F /* MeetingFooterView.swift */; };
		D5CC53C42BC842A6007DBD0F /* AVPlayer+Ding.swift in Sources */ = {isa = PBXBuildFile; fileRef = D5CC53C32BC842A6007DBD0F /* AVPlayer+Ding.swift */; };
		D5DC11FD2BC847C5008357A6 /* ding.wav in Resources */ = {isa = PBXBuildFile; fileRef = D5DC11FC2BC847C5008357A6 /* ding.wav */; };
		D5DC11FF2BC87359008357A6 /* NewScrumSheet.swift in Sources */ = {isa = PBXBuildFile; fileRef = D5DC11FE2BC87359008357A6 /* NewScrumSheet.swift */; };
		D5DC12012BC89A6C008357A6 /* History.swift in Sources */ = {isa = PBXBuildFile; fileRef = D5DC12002BC89A6C008357A6 /* History.swift */; };
		D5DC12032BCAEF11008357A6 /* ScrumStore.swift in Sources */ = {isa = PBXBuildFile; fileRef = D5DC12022BCAEF11008357A6 /* ScrumStore.swift */; };
		D5DC12052BCC1B52008357A6 /* ErrorWrapper.swift in Sources */ = {isa = PBXBuildFile; fileRef = D5DC12042BCC1B52008357A6 /* ErrorWrapper.swift */; };
		D5DC12072BCC1C43008357A6 /* ErrorView.swift in Sources */ = {isa = PBXBuildFile; fileRef = D5DC12062BCC1C43008357A6 /* ErrorView.swift */; };
		D5DC12092BCDEE79008357A6 /* MeetingTimerView.swift in Sources */ = {isa = PBXBuildFile; fileRef = D5DC12082BCDEE79008357A6 /* MeetingTimerView.swift */; };
		D5DC120D2BCE71F5008357A6 /* SpeakerArc.swift in Sources */ = {isa = PBXBuildFile; fileRef = D5DC120C2BCE71F5008357A6 /* SpeakerArc.swift */; };
/* End PBXBuildFile section */

/* Begin PBXContainerItemProxy section */
		D5CC53872BBF05FD007DBD0F /* PBXContainerItemProxy */ = {
			isa = PBXContainerItemProxy;
			containerPortal = D5CC536E2BBF05FB007DBD0F /* Project object */;
			proxyType = 1;
			remoteGlobalIDString = D5CC53752BBF05FB007DBD0F;
			remoteInfo = Scrumdinger;
		};
		D5CC53912BBF05FD007DBD0F /* PBXContainerItemProxy */ = {
			isa = PBXContainerItemProxy;
			containerPortal = D5CC536E2BBF05FB007DBD0F /* Project object */;
			proxyType = 1;
			remoteGlobalIDString = D5CC53752BBF05FB007DBD0F;
			remoteInfo = Scrumdinger;
		};
/* End PBXContainerItemProxy section */

/* Begin PBXFileReference section */
		D5CC53762BBF05FB007DBD0F /* Scrumdinger.app */ = {isa = PBXFileReference; explicitFileType = wrapper.application; includeInIndex = 0; path = Scrumdinger.app; sourceTree = BUILT_PRODUCTS_DIR; };
		D5CC53792BBF05FB007DBD0F /* ScrumdingerApp.swift */ = {isa = PBXFileReference; lastKnownFileType = sourcecode.swift; path = ScrumdingerApp.swift; sourceTree = "<group>"; };
		D5CC537B2BBF05FB007DBD0F /* MeetingView.swift */ = {isa = PBXFileReference; lastKnownFileType = sourcecode.swift; path = MeetingView.swift; sourceTree = "<group>"; };
		D5CC537D2BBF05FC007DBD0F /* Assets.xcassets */ = {isa = PBXFileReference; lastKnownFileType = folder.assetcatalog; path = Assets.xcassets; sourceTree = "<group>"; };
		D5CC53802BBF05FC007DBD0F /* Preview Assets.xcassets */ = {isa = PBXFileReference; lastKnownFileType = folder.assetcatalog; path = "Preview Assets.xcassets"; sourceTree = "<group>"; };
		D5CC53862BBF05FD007DBD0F /* ScrumdingerTests.xctest */ = {isa = PBXFileReference; explicitFileType = wrapper.cfbundle; includeInIndex = 0; path = ScrumdingerTests.xctest; sourceTree = BUILT_PRODUCTS_DIR; };
		D5CC538A2BBF05FD007DBD0F /* ScrumdingerTests.swift */ = {isa = PBXFileReference; lastKnownFileType = sourcecode.swift; path = ScrumdingerTests.swift; sourceTree = "<group>"; };
		D5CC53902BBF05FD007DBD0F /* ScrumdingerUITests.xctest */ = {isa = PBXFileReference; explicitFileType = wrapper.cfbundle; includeInIndex = 0; path = ScrumdingerUITests.xctest; sourceTree = BUILT_PRODUCTS_DIR; };
		D5CC53942BBF05FD007DBD0F /* ScrumdingerUITests.swift */ = {isa = PBXFileReference; lastKnownFileType = sourcecode.swift; path = ScrumdingerUITests.swift; sourceTree = "<group>"; };
		D5CC53962BBF05FD007DBD0F /* ScrumdingerUITestsLaunchTests.swift */ = {isa = PBXFileReference; lastKnownFileType = sourcecode.swift; path = ScrumdingerUITestsLaunchTests.swift; sourceTree = "<group>"; };
		D5CC53A42BBF3F66007DBD0F /* Theme.swift */ = {isa = PBXFileReference; lastKnownFileType = sourcecode.swift; path = Theme.swift; sourceTree = "<group>"; };
		D5CC53A62BBF4206007DBD0F /* DailyScrum.swift */ = {isa = PBXFileReference; lastKnownFileType = sourcecode.swift; path = DailyScrum.swift; sourceTree = "<group>"; };
		D5CC53A92BBF4467007DBD0F /* CardView.swift */ = {isa = PBXFileReference; lastKnownFileType = sourcecode.swift; path = CardView.swift; sourceTree = "<group>"; };
		D5CC53AD2BBF6010007DBD0F /* TrailingIconLabelStyle.swift */ = {isa = PBXFileReference; lastKnownFileType = sourcecode.swift; path = TrailingIconLabelStyle.swift; sourceTree = "<group>"; };
		D5CC53B12BC32149007DBD0F /* ScrumsView.swift */ = {isa = PBXFileReference; lastKnownFileType = sourcecode.swift; path = ScrumsView.swift; sourceTree = "<group>"; };
		D5CC53B32BC33554007DBD0F /* DetailView.swift */ = {isa = PBXFileReference; lastKnownFileType = sourcecode.swift; path = DetailView.swift; sourceTree = "<group>"; };
		D5CC53B52BC43CFD007DBD0F /* DetailEditView.swift */ = {isa = PBXFileReference; lastKnownFileType = sourcecode.swift; path = DetailEditView.swift; sourceTree = "<group>"; };
		D5CC53B72BC5C44D007DBD0F /* ThemeView.swift */ = {isa = PBXFileReference; lastKnownFileType = sourcecode.swift; path = ThemeView.swift; sourceTree = "<group>"; };
		D5CC53B92BC5C8BA007DBD0F /* ThemePicker.swift */ = {isa = PBXFileReference; lastKnownFileType = sourcecode.swift; path = ThemePicker.swift; sourceTree = "<group>"; };
		D5CC53BB2BC71C46007DBD0F /* MeetingHeaderView.swift */ = {isa = PBXFileReference; lastKnownFileType = sourcecode.swift; path = MeetingHeaderView.swift; sourceTree = "<group>"; };
		D5CC53BD2BC72345007DBD0F /* ScrumProgressViewStyle.swift */ = {isa = PBXFileReference; lastKnownFileType = sourcecode.swift; path = ScrumProgressViewStyle.swift; sourceTree = "<group>"; };
		D5CC53BF2BC7CE0C007DBD0F /* ScrumTimer.swift */ = {isa = PBXFileReference; lastKnownFileType = sourcecode.swift; path = ScrumTimer.swift; sourceTree = "<group>"; };
		D5CC53C12BC7D396007DBD0F /* MeetingFooterView.swift */ = {isa = PBXFileReference; lastKnownFileType = sourcecode.swift; path = MeetingFooterView.swift; sourceTree = "<group>"; };
		D5CC53C32BC842A6007DBD0F /* AVPlayer+Ding.swift */ = {isa = PBXFileReference; lastKnownFileType = sourcecode.swift; path = "AVPlayer+Ding.swift"; sourceTree = "<group>"; };
		D5DC11FC2BC847C5008357A6 /* ding.wav */ = {isa = PBXFileReference; lastKnownFileType = audio.wav; path = ding.wav; sourceTree = "<group>"; };
		D5DC11FE2BC87359008357A6 /* NewScrumSheet.swift */ = {isa = PBXFileReference; lastKnownFileType = sourcecode.swift; path = NewScrumSheet.swift; sourceTree = "<group>"; };
		D5DC12002BC89A6C008357A6 /* History.swift */ = {isa = PBXFileReference; lastKnownFileType = sourcecode.swift; path = History.swift; sourceTree = "<group>"; };
		D5DC12022BCAEF11008357A6 /* ScrumStore.swift */ = {isa = PBXFileReference; lastKnownFileType = sourcecode.swift; path = ScrumStore.swift; sourceTree = "<group>"; };
		D5DC12042BCC1B52008357A6 /* ErrorWrapper.swift */ = {isa = PBXFileReference; lastKnownFileType = sourcecode.swift; path = ErrorWrapper.swift; sourceTree = "<group>"; };
		D5DC12062BCC1C43008357A6 /* ErrorView.swift */ = {isa = PBXFileReference; lastKnownFileType = sourcecode.swift; path = ErrorView.swift; sourceTree = "<group>"; };
		D5DC12082BCDEE79008357A6 /* MeetingTimerView.swift */ = {isa = PBXFileReference; lastKnownFileType = sourcecode.swift; path = MeetingTimerView.swift; sourceTree = "<group>"; };
		D5DC120C2BCE71F5008357A6 /* SpeakerArc.swift */ = {isa = PBXFileReference; lastKnownFileType = sourcecode.swift; path = SpeakerArc.swift; sourceTree = "<group>"; };
/* End PBXFileReference section */

/* Begin PBXFrameworksBuildPhase section */
		D5CC53732BBF05FB007DBD0F /* Frameworks */ = {
			isa = PBXFrameworksBuildPhase;
			buildActionMask = 2147483647;
			files = (
			);
			runOnlyForDeploymentPostprocessing = 0;
		};
		D5CC53832BBF05FD007DBD0F /* Frameworks */ = {
			isa = PBXFrameworksBuildPhase;
			buildActionMask = 2147483647;
			files = (
			);
			runOnlyForDeploymentPostprocessing = 0;
		};
		D5CC538D2BBF05FD007DBD0F /* Frameworks */ = {
			isa = PBXFrameworksBuildPhase;
			buildActionMask = 2147483647;
			files = (
			);
			runOnlyForDeploymentPostprocessing = 0;
		};
/* End PBXFrameworksBuildPhase section */

/* Begin PBXGroup section */
		D5CC536D2BBF05FB007DBD0F = {
			isa = PBXGroup;
			children = (
				D5CC53782BBF05FB007DBD0F /* Scrumdinger */,
				D5CC53892BBF05FD007DBD0F /* ScrumdingerTests */,
				D5CC53932BBF05FD007DBD0F /* ScrumdingerUITests */,
				D5CC53772BBF05FB007DBD0F /* Products */,
			);
			sourceTree = "<group>";
		};
		D5CC53772BBF05FB007DBD0F /* Products */ = {
			isa = PBXGroup;
			children = (
				D5CC53762BBF05FB007DBD0F /* Scrumdinger.app */,
				D5CC53862BBF05FD007DBD0F /* ScrumdingerTests.xctest */,
				D5CC53902BBF05FD007DBD0F /* ScrumdingerUITests.xctest */,
			);
			name = Products;
			sourceTree = "<group>";
		};
		D5CC53782BBF05FB007DBD0F /* Scrumdinger */ = {
			isa = PBXGroup;
			children = (
				D5CC53A32BBF3F0F007DBD0F /* Models */,
				D5CC53A82BBF42E1007DBD0F /* Views */,
				D5DC11FB2BC84775008357A6 /* Resources */,
				D5CC53792BBF05FB007DBD0F /* ScrumdingerApp.swift */,
				D5CC537D2BBF05FC007DBD0F /* Assets.xcassets */,
				D5CC537F2BBF05FC007DBD0F /* Preview Content */,
			);
			path = Scrumdinger;
			sourceTree = "<group>";
		};
		D5CC537F2BBF05FC007DBD0F /* Preview Content */ = {
			isa = PBXGroup;
			children = (
				D5CC53802BBF05FC007DBD0F /* Preview Assets.xcassets */,
			);
			path = "Preview Content";
			sourceTree = "<group>";
		};
		D5CC53892BBF05FD007DBD0F /* ScrumdingerTests */ = {
			isa = PBXGroup;
			children = (
				D5CC538A2BBF05FD007DBD0F /* ScrumdingerTests.swift */,
			);
			path = ScrumdingerTests;
			sourceTree = "<group>";
		};
		D5CC53932BBF05FD007DBD0F /* ScrumdingerUITests */ = {
			isa = PBXGroup;
			children = (
				D5CC53942BBF05FD007DBD0F /* ScrumdingerUITests.swift */,
				D5CC53962BBF05FD007DBD0F /* ScrumdingerUITestsLaunchTests.swift */,
			);
			path = ScrumdingerUITests;
			sourceTree = "<group>";
		};
		D5CC53A32BBF3F0F007DBD0F /* Models */ = {
			isa = PBXGroup;
			children = (
				D5CC53A42BBF3F66007DBD0F /* Theme.swift */,
				D5CC53A62BBF4206007DBD0F /* DailyScrum.swift */,
				D5CC53BF2BC7CE0C007DBD0F /* ScrumTimer.swift */,
				D5CC53C32BC842A6007DBD0F /* AVPlayer+Ding.swift */,
				D5DC12002BC89A6C008357A6 /* History.swift */,
				D5DC12022BCAEF11008357A6 /* ScrumStore.swift */,
				D5DC12042BCC1B52008357A6 /* ErrorWrapper.swift */,
			);
			path = Models;
			sourceTree = "<group>";
		};
		D5CC53A82BBF42E1007DBD0F /* Views */ = {
			isa = PBXGroup;
			children = (
				D5CC53A92BBF4467007DBD0F /* CardView.swift */,
				D5CC537B2BBF05FB007DBD0F /* MeetingView.swift */,
				D5CC53AD2BBF6010007DBD0F /* TrailingIconLabelStyle.swift */,
				D5CC53B12BC32149007DBD0F /* ScrumsView.swift */,
				D5CC53B32BC33554007DBD0F /* DetailView.swift */,
				D5CC53B52BC43CFD007DBD0F /* DetailEditView.swift */,
				D5CC53B72BC5C44D007DBD0F /* ThemeView.swift */,
				D5CC53B92BC5C8BA007DBD0F /* ThemePicker.swift */,
				D5CC53BB2BC71C46007DBD0F /* MeetingHeaderView.swift */,
				D5CC53BD2BC72345007DBD0F /* ScrumProgressViewStyle.swift */,
				D5CC53C12BC7D396007DBD0F /* MeetingFooterView.swift */,
				D5DC11FE2BC87359008357A6 /* NewScrumSheet.swift */,
				D5DC12062BCC1C43008357A6 /* ErrorView.swift */,
				D5DC12082BCDEE79008357A6 /* MeetingTimerView.swift */,
				D5DC120C2BCE71F5008357A6 /* SpeakerArc.swift */,
			);
			path = Views;
			sourceTree = "<group>";
		};
		D5DC11FB2BC84775008357A6 /* Resources */ = {
			isa = PBXGroup;
			children = (
				D5DC11FC2BC847C5008357A6 /* ding.wav */,
			);
			path = Resources;
			sourceTree = "<group>";
		};
/* End PBXGroup section */

/* Begin PBXNativeTarget section */
		D5CC53752BBF05FB007DBD0F /* Scrumdinger */ = {
			isa = PBXNativeTarget;
			buildConfigurationList = D5CC539A2BBF05FD007DBD0F /* Build configuration list for PBXNativeTarget "Scrumdinger" */;
			buildPhases = (
				D5CC53722BBF05FB007DBD0F /* Sources */,
				D5CC53732BBF05FB007DBD0F /* Frameworks */,
				D5CC53742BBF05FB007DBD0F /* Resources */,
			);
			buildRules = (
			);
			dependencies = (
			);
			name = Scrumdinger;
			productName = Scrumdinger;
			productReference = D5CC53762BBF05FB007DBD0F /* Scrumdinger.app */;
			productType = "com.apple.product-type.application";
		};
		D5CC53852BBF05FD007DBD0F /* ScrumdingerTests */ = {
			isa = PBXNativeTarget;
			buildConfigurationList = D5CC539D2BBF05FD007DBD0F /* Build configuration list for PBXNativeTarget "ScrumdingerTests" */;
			buildPhases = (
				D5CC53822BBF05FD007DBD0F /* Sources */,
				D5CC53832BBF05FD007DBD0F /* Frameworks */,
				D5CC53842BBF05FD007DBD0F /* Resources */,
			);
			buildRules = (
			);
			dependencies = (
				D5CC53882BBF05FD007DBD0F /* PBXTargetDependency */,
			);
			name = ScrumdingerTests;
			productName = ScrumdingerTests;
			productReference = D5CC53862BBF05FD007DBD0F /* ScrumdingerTests.xctest */;
			productType = "com.apple.product-type.bundle.unit-test";
		};
		D5CC538F2BBF05FD007DBD0F /* ScrumdingerUITests */ = {
			isa = PBXNativeTarget;
			buildConfigurationList = D5CC53A02BBF05FD007DBD0F /* Build configuration list for PBXNativeTarget "ScrumdingerUITests" */;
			buildPhases = (
				D5CC538C2BBF05FD007DBD0F /* Sources */,
				D5CC538D2BBF05FD007DBD0F /* Frameworks */,
				D5CC538E2BBF05FD007DBD0F /* Resources */,
			);
			buildRules = (
			);
			dependencies = (
				D5CC53922BBF05FD007DBD0F /* PBXTargetDependency */,
			);
			name = ScrumdingerUITests;
			productName = ScrumdingerUITests;
			productReference = D5CC53902BBF05FD007DBD0F /* ScrumdingerUITests.xctest */;
			productType = "com.apple.product-type.bundle.ui-testing";
		};
/* End PBXNativeTarget section */

/* Begin PBXProject section */
		D5CC536E2BBF05FB007DBD0F /* Project object */ = {
			isa = PBXProject;
			attributes = {
				BuildIndependentTargetsInParallel = 1;
				LastSwiftUpdateCheck = 1530;
				LastUpgradeCheck = 1530;
				TargetAttributes = {
					D5CC53752BBF05FB007DBD0F = {
						CreatedOnToolsVersion = 15.3;
					};
					D5CC53852BBF05FD007DBD0F = {
						CreatedOnToolsVersion = 15.3;
						TestTargetID = D5CC53752BBF05FB007DBD0F;
					};
					D5CC538F2BBF05FD007DBD0F = {
						CreatedOnToolsVersion = 15.3;
						TestTargetID = D5CC53752BBF05FB007DBD0F;
					};
				};
			};
			buildConfigurationList = D5CC53712BBF05FB007DBD0F /* Build configuration list for PBXProject "Scrumdinger" */;
			compatibilityVersion = "Xcode 14.0";
			developmentRegion = en;
			hasScannedForEncodings = 0;
			knownRegions = (
				en,
				Base,
			);
			mainGroup = D5CC536D2BBF05FB007DBD0F;
			productRefGroup = D5CC53772BBF05FB007DBD0F /* Products */;
			projectDirPath = "";
			projectRoot = "";
			targets = (
				D5CC53752BBF05FB007DBD0F /* Scrumdinger */,
				D5CC53852BBF05FD007DBD0F /* ScrumdingerTests */,
				D5CC538F2BBF05FD007DBD0F /* ScrumdingerUITests */,
			);
		};
/* End PBXProject section */

/* Begin PBXResourcesBuildPhase section */
		D5CC53742BBF05FB007DBD0F /* Resources */ = {
			isa = PBXResourcesBuildPhase;
			buildActionMask = 2147483647;
			files = (
				D5DC11FD2BC847C5008357A6 /* ding.wav in Resources */,
				D5CC53812BBF05FC007DBD0F /* Preview Assets.xcassets in Resources */,
				D5CC537E2BBF05FC007DBD0F /* Assets.xcassets in Resources */,
			);
			runOnlyForDeploymentPostprocessing = 0;
		};
		D5CC53842BBF05FD007DBD0F /* Resources */ = {
			isa = PBXResourcesBuildPhase;
			buildActionMask = 2147483647;
			files = (
			);
			runOnlyForDeploymentPostprocessing = 0;
		};
		D5CC538E2BBF05FD007DBD0F /* Resources */ = {
			isa = PBXResourcesBuildPhase;
			buildActionMask = 2147483647;
			files = (
			);
			runOnlyForDeploymentPostprocessing = 0;
		};
/* End PBXResourcesBuildPhase section */

/* Begin PBXSourcesBuildPhase section */
		D5CC53722BBF05FB007DBD0F /* Sources */ = {
			isa = PBXSourcesBuildPhase;
			buildActionMask = 2147483647;
			files = (
				D5DC12012BC89A6C008357A6 /* History.swift in Sources */,
				D5CC53BA2BC5C8BA007DBD0F /* ThemePicker.swift in Sources */,
				D5CC53BE2BC72345007DBD0F /* ScrumProgressViewStyle.swift in Sources */,
				D5CC53C22BC7D396007DBD0F /* MeetingFooterView.swift in Sources */,
				D5DC120D2BCE71F5008357A6 /* SpeakerArc.swift in Sources */,
				D5DC12072BCC1C43008357A6 /* ErrorView.swift in Sources */,
				D5CC53C02BC7CE0C007DBD0F /* ScrumTimer.swift in Sources */,
				D5DC12092BCDEE79008357A6 /* MeetingTimerView.swift in Sources */,
				D5CC53A72BBF4206007DBD0F /* DailyScrum.swift in Sources */,
				D5DC12032BCAEF11008357A6 /* ScrumStore.swift in Sources */,
				D5CC53B42BC33554007DBD0F /* DetailView.swift in Sources */,
				D5DC12052BCC1B52008357A6 /* ErrorWrapper.swift in Sources */,
				D5CC53BC2BC71C46007DBD0F /* MeetingHeaderView.swift in Sources */,
				D5CC53B62BC43CFD007DBD0F /* DetailEditView.swift in Sources */,
				D5DC11FF2BC87359008357A6 /* NewScrumSheet.swift in Sources */,
				D5CC53AE2BBF6010007DBD0F /* TrailingIconLabelStyle.swift in Sources */,
				D5CC53A52BBF3F66007DBD0F /* Theme.swift in Sources */,
				D5CC53B22BC32149007DBD0F /* ScrumsView.swift in Sources */,
				D5CC537C2BBF05FB007DBD0F /* MeetingView.swift in Sources */,
				D5CC537A2BBF05FB007DBD0F /* ScrumdingerApp.swift in Sources */,
				D5CC53B82BC5C44D007DBD0F /* ThemeView.swift in Sources */,
				D5CC53AA2BBF4467007DBD0F /* CardView.swift in Sources */,
				D5CC53C42BC842A6007DBD0F /* AVPlayer+Ding.swift in Sources */,
			);
			runOnlyForDeploymentPostprocessing = 0;
		};
		D5CC53822BBF05FD007DBD0F /* Sources */ = {
			isa = PBXSourcesBuildPhase;
			buildActionMask = 2147483647;
			files = (
				D5CC538B2BBF05FD007DBD0F /* ScrumdingerTests.swift in Sources */,
			);
			runOnlyForDeploymentPostprocessing = 0;
		};
		D5CC538C2BBF05FD007DBD0F /* Sources */ = {
			isa = PBXSourcesBuildPhase;
			buildActionMask = 2147483647;
			files = (
				D5CC53972BBF05FD007DBD0F /* ScrumdingerUITestsLaunchTests.swift in Sources */,
				D5CC53952BBF05FD007DBD0F /* ScrumdingerUITests.swift in Sources */,
			);
			runOnlyForDeploymentPostprocessing = 0;
		};
/* End PBXSourcesBuildPhase section */

/* Begin PBXTargetDependency section */
		D5CC53882BBF05FD007DBD0F /* PBXTargetDependency */ = {
			isa = PBXTargetDependency;
			target = D5CC53752BBF05FB007DBD0F /* Scrumdinger */;
			targetProxy = D5CC53872BBF05FD007DBD0F /* PBXContainerItemProxy */;
		};
		D5CC53922BBF05FD007DBD0F /* PBXTargetDependency */ = {
			isa = PBXTargetDependency;
			target = D5CC53752BBF05FB007DBD0F /* Scrumdinger */;
			targetProxy = D5CC53912BBF05FD007DBD0F /* PBXContainerItemProxy */;
		};
/* End PBXTargetDependency section */

/* Begin XCBuildConfiguration section */
		D5CC53982BBF05FD007DBD0F /* Debug */ = {
			isa = XCBuildConfiguration;
			buildSettings = {
				ALWAYS_SEARCH_USER_PATHS = NO;
				ASSETCATALOG_COMPILER_GENERATE_SWIFT_ASSET_SYMBOL_EXTENSIONS = YES;
				CLANG_ANALYZER_NONNULL = YES;
				CLANG_ANALYZER_NUMBER_OBJECT_CONVERSION = YES_AGGRESSIVE;
				CLANG_CXX_LANGUAGE_STANDARD = "gnu++20";
				CLANG_ENABLE_MODULES = YES;
				CLANG_ENABLE_OBJC_ARC = YES;
				CLANG_ENABLE_OBJC_WEAK = YES;
				CLANG_WARN_BLOCK_CAPTURE_AUTORELEASING = YES;
				CLANG_WARN_BOOL_CONVERSION = YES;
				CLANG_WARN_COMMA = YES;
				CLANG_WARN_CONSTANT_CONVERSION = YES;
				CLANG_WARN_DEPRECATED_OBJC_IMPLEMENTATIONS = YES;
				CLANG_WARN_DIRECT_OBJC_ISA_USAGE = YES_ERROR;
				CLANG_WARN_DOCUMENTATION_COMMENTS = YES;
				CLANG_WARN_EMPTY_BODY = YES;
				CLANG_WARN_ENUM_CONVERSION = YES;
				CLANG_WARN_INFINITE_RECURSION = YES;
				CLANG_WARN_INT_CONVERSION = YES;
				CLANG_WARN_NON_LITERAL_NULL_CONVERSION = YES;
				CLANG_WARN_OBJC_IMPLICIT_RETAIN_SELF = YES;
				CLANG_WARN_OBJC_LITERAL_CONVERSION = YES;
				CLANG_WARN_OBJC_ROOT_CLASS = YES_ERROR;
				CLANG_WARN_QUOTED_INCLUDE_IN_FRAMEWORK_HEADER = YES;
				CLANG_WARN_RANGE_LOOP_ANALYSIS = YES;
				CLANG_WARN_STRICT_PROTOTYPES = YES;
				CLANG_WARN_SUSPICIOUS_MOVE = YES;
				CLANG_WARN_UNGUARDED_AVAILABILITY = YES_AGGRESSIVE;
				CLANG_WARN_UNREACHABLE_CODE = YES;
				CLANG_WARN__DUPLICATE_METHOD_MATCH = YES;
				COPY_PHASE_STRIP = NO;
				DEBUG_INFORMATION_FORMAT = dwarf;
				ENABLE_STRICT_OBJC_MSGSEND = YES;
				ENABLE_TESTABILITY = YES;
				ENABLE_USER_SCRIPT_SANDBOXING = YES;
				GCC_C_LANGUAGE_STANDARD = gnu17;
				GCC_DYNAMIC_NO_PIC = NO;
				GCC_NO_COMMON_BLOCKS = YES;
				GCC_OPTIMIZATION_LEVEL = 0;
				GCC_PREPROCESSOR_DEFINITIONS = (
					"DEBUG=1",
					"$(inherited)",
				);
				GCC_WARN_64_TO_32_BIT_CONVERSION = YES;
				GCC_WARN_ABOUT_RETURN_TYPE = YES_ERROR;
				GCC_WARN_UNDECLARED_SELECTOR = YES;
				GCC_WARN_UNINITIALIZED_AUTOS = YES_AGGRESSIVE;
				GCC_WARN_UNUSED_FUNCTION = YES;
				GCC_WARN_UNUSED_VARIABLE = YES;
				IPHONEOS_DEPLOYMENT_TARGET = 17.4;
				LOCALIZATION_PREFERS_STRING_CATALOGS = YES;
				MTL_ENABLE_DEBUG_INFO = INCLUDE_SOURCE;
				MTL_FAST_MATH = YES;
				ONLY_ACTIVE_ARCH = YES;
				SDKROOT = iphoneos;
				SWIFT_ACTIVE_COMPILATION_CONDITIONS = "DEBUG $(inherited)";
				SWIFT_OPTIMIZATION_LEVEL = "-Onone";
			};
			name = Debug;
		};
		D5CC53992BBF05FD007DBD0F /* Release */ = {
			isa = XCBuildConfiguration;
			buildSettings = {
				ALWAYS_SEARCH_USER_PATHS = NO;
				ASSETCATALOG_COMPILER_GENERATE_SWIFT_ASSET_SYMBOL_EXTENSIONS = YES;
				CLANG_ANALYZER_NONNULL = YES;
				CLANG_ANALYZER_NUMBER_OBJECT_CONVERSION = YES_AGGRESSIVE;
				CLANG_CXX_LANGUAGE_STANDARD = "gnu++20";
				CLANG_ENABLE_MODULES = YES;
				CLANG_ENABLE_OBJC_ARC = YES;
				CLANG_ENABLE_OBJC_WEAK = YES;
				CLANG_WARN_BLOCK_CAPTURE_AUTORELEASING = YES;
				CLANG_WARN_BOOL_CONVERSION = YES;
				CLANG_WARN_COMMA = YES;
				CLANG_WARN_CONSTANT_CONVERSION = YES;
				CLANG_WARN_DEPRECATED_OBJC_IMPLEMENTATIONS = YES;
				CLANG_WARN_DIRECT_OBJC_ISA_USAGE = YES_ERROR;
				CLANG_WARN_DOCUMENTATION_COMMENTS = YES;
				CLANG_WARN_EMPTY_BODY = YES;
				CLANG_WARN_ENUM_CONVERSION = YES;
				CLANG_WARN_INFINITE_RECURSION = YES;
				CLANG_WARN_INT_CONVERSION = YES;
				CLANG_WARN_NON_LITERAL_NULL_CONVERSION = YES;
				CLANG_WARN_OBJC_IMPLICIT_RETAIN_SELF = YES;
				CLANG_WARN_OBJC_LITERAL_CONVERSION = YES;
				CLANG_WARN_OBJC_ROOT_CLASS = YES_ERROR;
				CLANG_WARN_QUOTED_INCLUDE_IN_FRAMEWORK_HEADER = YES;
				CLANG_WARN_RANGE_LOOP_ANALYSIS = YES;
				CLANG_WARN_STRICT_PROTOTYPES = YES;
				CLANG_WARN_SUSPICIOUS_MOVE = YES;
				CLANG_WARN_UNGUARDED_AVAILABILITY = YES_AGGRESSIVE;
				CLANG_WARN_UNREACHABLE_CODE = YES;
				CLANG_WARN__DUPLICATE_METHOD_MATCH = YES;
				COPY_PHASE_STRIP = NO;
				DEBUG_INFORMATION_FORMAT = "dwarf-with-dsym";
				ENABLE_NS_ASSERTIONS = NO;
				ENABLE_STRICT_OBJC_MSGSEND = YES;
				ENABLE_USER_SCRIPT_SANDBOXING = YES;
				GCC_C_LANGUAGE_STANDARD = gnu17;
				GCC_NO_COMMON_BLOCKS = YES;
				GCC_WARN_64_TO_32_BIT_CONVERSION = YES;
				GCC_WARN_ABOUT_RETURN_TYPE = YES_ERROR;
				GCC_WARN_UNDECLARED_SELECTOR = YES;
				GCC_WARN_UNINITIALIZED_AUTOS = YES_AGGRESSIVE;
				GCC_WARN_UNUSED_FUNCTION = YES;
				GCC_WARN_UNUSED_VARIABLE = YES;
				IPHONEOS_DEPLOYMENT_TARGET = 17.4;
				LOCALIZATION_PREFERS_STRING_CATALOGS = YES;
				MTL_ENABLE_DEBUG_INFO = NO;
				MTL_FAST_MATH = YES;
				SDKROOT = iphoneos;
				SWIFT_COMPILATION_MODE = wholemodule;
				VALIDATE_PRODUCT = YES;
			};
			name = Release;
		};
		D5CC539B2BBF05FD007DBD0F /* Debug */ = {
			isa = XCBuildConfiguration;
			buildSettings = {
				ASSETCATALOG_COMPILER_APPICON_NAME = AppIcon;
				ASSETCATALOG_COMPILER_GENERATE_ASSET_SYMBOLS = NO;
				ASSETCATALOG_COMPILER_GLOBAL_ACCENT_COLOR_NAME = AccentColor;
				CODE_SIGN_STYLE = Automatic;
				CURRENT_PROJECT_VERSION = 1;
				DEVELOPMENT_ASSET_PATHS = "\"Scrumdinger/Preview Content\"";
				ENABLE_PREVIEWS = YES;
				GENERATE_INFOPLIST_FILE = YES;
				INFOPLIST_KEY_NSMicrophoneUsageDescription = "Audio is recorded to transcribe the meeting. Audio recordings are discarded after transcription.";
				INFOPLIST_KEY_NSSpeechRecognitionUsageDescription = "You can view a text transcription of your meeting in the app.";
				INFOPLIST_KEY_UIApplicationSceneManifest_Generation = YES;
				INFOPLIST_KEY_UIApplicationSupportsIndirectInputEvents = YES;
				INFOPLIST_KEY_UILaunchScreen_Generation = YES;
				INFOPLIST_KEY_UISupportedInterfaceOrientations_iPad = "UIInterfaceOrientationPortrait UIInterfaceOrientationPortraitUpsideDown UIInterfaceOrientationLandscapeLeft UIInterfaceOrientationLandscapeRight";
				INFOPLIST_KEY_UISupportedInterfaceOrientations_iPhone = "UIInterfaceOrientationPortrait UIInterfaceOrientationLandscapeLeft UIInterfaceOrientationLandscapeRight";
				LD_RUNPATH_SEARCH_PATHS = (
					"$(inherited)",
					"@executable_path/Frameworks",
				);
				MARKETING_VERSION = 1.0;
				PRODUCT_BUNDLE_IDENTIFIER = ITHelpDec.Scrumdinger;
				PRODUCT_NAME = "$(TARGET_NAME)";
				SWIFT_EMIT_LOC_STRINGS = YES;
				SWIFT_VERSION = 5.0;
				TARGETED_DEVICE_FAMILY = "1,2";
			};
			name = Debug;
		};
		D5CC539C2BBF05FD007DBD0F /* Release */ = {
			isa = XCBuildConfiguration;
			buildSettings = {
				ASSETCATALOG_COMPILER_APPICON_NAME = AppIcon;
				ASSETCATALOG_COMPILER_GENERATE_ASSET_SYMBOLS = NO;
				ASSETCATALOG_COMPILER_GLOBAL_ACCENT_COLOR_NAME = AccentColor;
				CODE_SIGN_STYLE = Automatic;
				CURRENT_PROJECT_VERSION = 1;
				DEVELOPMENT_ASSET_PATHS = "\"Scrumdinger/Preview Content\"";
				ENABLE_PREVIEWS = YES;
				GENERATE_INFOPLIST_FILE = YES;
				INFOPLIST_KEY_NSMicrophoneUsageDescription = "Audio is recorded to transcribe the meeting. Audio recordings are discarded after transcription.";
				INFOPLIST_KEY_NSSpeechRecognitionUsageDescription = "You can view a text transcription of your meeting in the app.";
				INFOPLIST_KEY_UIApplicationSceneManifest_Generation = YES;
				INFOPLIST_KEY_UIApplicationSupportsIndirectInputEvents = YES;
				INFOPLIST_KEY_UILaunchScreen_Generation = YES;
				INFOPLIST_KEY_UISupportedInterfaceOrientations_iPad = "UIInterfaceOrientationPortrait UIInterfaceOrientationPortraitUpsideDown UIInterfaceOrientationLandscapeLeft UIInterfaceOrientationLandscapeRight";
				INFOPLIST_KEY_UISupportedInterfaceOrientations_iPhone = "UIInterfaceOrientationPortrait UIInterfaceOrientationLandscapeLeft UIInterfaceOrientationLandscapeRight";
				LD_RUNPATH_SEARCH_PATHS = (
					"$(inherited)",
					"@executable_path/Frameworks",
				);
				MARKETING_VERSION = 1.0;
				PRODUCT_BUNDLE_IDENTIFIER = ITHelpDec.Scrumdinger;
				PRODUCT_NAME = "$(TARGET_NAME)";
				SWIFT_EMIT_LOC_STRINGS = YES;
				SWIFT_VERSION = 5.0;
				TARGETED_DEVICE_FAMILY = "1,2";
			};
			name = Release;
		};
		D5CC539E2BBF05FD007DBD0F /* Debug */ = {
			isa = XCBuildConfiguration;
			buildSettings = {
				ALWAYS_EMBED_SWIFT_STANDARD_LIBRARIES = YES;
				BUNDLE_LOADER = "$(TEST_HOST)";
				CODE_SIGN_STYLE = Automatic;
				CURRENT_PROJECT_VERSION = 1;
				GENERATE_INFOPLIST_FILE = YES;
				IPHONEOS_DEPLOYMENT_TARGET = 17.4;
				MARKETING_VERSION = 1.0;
				PRODUCT_BUNDLE_IDENTIFIER = ITHelpDec.ScrumdingerTests;
				PRODUCT_NAME = "$(TARGET_NAME)";
				SWIFT_EMIT_LOC_STRINGS = NO;
				SWIFT_VERSION = 5.0;
				TARGETED_DEVICE_FAMILY = "1,2";
				TEST_HOST = "$(BUILT_PRODUCTS_DIR)/Scrumdinger.app/$(BUNDLE_EXECUTABLE_FOLDER_PATH)/Scrumdinger";
			};
			name = Debug;
		};
		D5CC539F2BBF05FD007DBD0F /* Release */ = {
			isa = XCBuildConfiguration;
			buildSettings = {
				ALWAYS_EMBED_SWIFT_STANDARD_LIBRARIES = YES;
				BUNDLE_LOADER = "$(TEST_HOST)";
				CODE_SIGN_STYLE = Automatic;
				CURRENT_PROJECT_VERSION = 1;
				GENERATE_INFOPLIST_FILE = YES;
				IPHONEOS_DEPLOYMENT_TARGET = 17.4;
				MARKETING_VERSION = 1.0;
				PRODUCT_BUNDLE_IDENTIFIER = ITHelpDec.ScrumdingerTests;
				PRODUCT_NAME = "$(TARGET_NAME)";
				SWIFT_EMIT_LOC_STRINGS = NO;
				SWIFT_VERSION = 5.0;
				TARGETED_DEVICE_FAMILY = "1,2";
				TEST_HOST = "$(BUILT_PRODUCTS_DIR)/Scrumdinger.app/$(BUNDLE_EXECUTABLE_FOLDER_PATH)/Scrumdinger";
			};
			name = Release;
		};
		D5CC53A12BBF05FD007DBD0F /* Debug */ = {
			isa = XCBuildConfiguration;
			buildSettings = {
				ALWAYS_EMBED_SWIFT_STANDARD_LIBRARIES = YES;
				CODE_SIGN_STYLE = Automatic;
				CURRENT_PROJECT_VERSION = 1;
				GENERATE_INFOPLIST_FILE = YES;
				MARKETING_VERSION = 1.0;
				PRODUCT_BUNDLE_IDENTIFIER = ITHelpDec.ScrumdingerUITests;
				PRODUCT_NAME = "$(TARGET_NAME)";
				SWIFT_EMIT_LOC_STRINGS = NO;
				SWIFT_VERSION = 5.0;
				TARGETED_DEVICE_FAMILY = "1,2";
				TEST_TARGET_NAME = Scrumdinger;
			};
			name = Debug;
		};
		D5CC53A22BBF05FD007DBD0F /* Release */ = {
			isa = XCBuildConfiguration;
			buildSettings = {
				ALWAYS_EMBED_SWIFT_STANDARD_LIBRARIES = YES;
				CODE_SIGN_STYLE = Automatic;
				CURRENT_PROJECT_VERSION = 1;
				GENERATE_INFOPLIST_FILE = YES;
				MARKETING_VERSION = 1.0;
				PRODUCT_BUNDLE_IDENTIFIER = ITHelpDec.ScrumdingerUITests;
				PRODUCT_NAME = "$(TARGET_NAME)";
				SWIFT_EMIT_LOC_STRINGS = NO;
				SWIFT_VERSION = 5.0;
				TARGETED_DEVICE_FAMILY = "1,2";
				TEST_TARGET_NAME = Scrumdinger;
			};
			name = Release;
		};
/* End XCBuildConfiguration section */

/* Begin XCConfigurationList section */
		D5CC53712BBF05FB007DBD0F /* Build configuration list for PBXProject "Scrumdinger" */ = {
			isa = XCConfigurationList;
			buildConfigurations = (
				D5CC53982BBF05FD007DBD0F /* Debug */,
				D5CC53992BBF05FD007DBD0F /* Release */,
			);
			defaultConfigurationIsVisible = 0;
			defaultConfigurationName = Release;
		};
		D5CC539A2BBF05FD007DBD0F /* Build configuration list for PBXNativeTarget "Scrumdinger" */ = {
			isa = XCConfigurationList;
			buildConfigurations = (
				D5CC539B2BBF05FD007DBD0F /* Debug */,
				D5CC539C2BBF05FD007DBD0F /* Release */,
			);
			defaultConfigurationIsVisible = 0;
			defaultConfigurationName = Release;
		};
		D5CC539D2BBF05FD007DBD0F /* Build configuration list for PBXNativeTarget "ScrumdingerTests" */ = {
			isa = XCConfigurationList;
			buildConfigurations = (
				D5CC539E2BBF05FD007DBD0F /* Debug */,
				D5CC539F2BBF05FD007DBD0F /* Release */,
			);
			defaultConfigurationIsVisible = 0;
			defaultConfigurationName = Release;
		};
		D5CC53A02BBF05FD007DBD0F /* Build configuration list for PBXNativeTarget "ScrumdingerUITests" */ = {
			isa = XCConfigurationList;
			buildConfigurations = (
				D5CC53A12BBF05FD007DBD0F /* Debug */,
				D5CC53A22BBF05FD007DBD0F /* Release */,
			);
			defaultConfigurationIsVisible = 0;
			defaultConfigurationName = Release;
		};
/* End XCConfigurationList section */
	};
	rootObject = D5CC536E2BBF05FB007DBD0F /* Project object */;
}
